
Microsoft Visual Studio Solution File, Format Version 12.00
# Visual Studio Version 17
VisualStudioVersion = 17.14.36414.22 d17.14
MinimumVisualStudioVersion = 10.0.40219.1
Project("{FAE04EC0-301F-11D3-BF4B-00C04F79EFBC}") = "lr0_v2", "lr0_v2\lr0_v2.csproj", "{AA9E18F7-11C8-447A-895A-5F68940A234D}"
EndProject
Global
	GlobalSection(SolutionConfigurationPlatforms) = preSolution
		Debug|Any CPU = Debug|Any CPU
		Release|Any CPU = Release|Any CPU
	EndGlobalSection
	GlobalSection(ProjectConfigurationPlatforms) = postSolution
		{AA9E18F7-11C8-447A-895A-5F68940A234D}.Debug|Any CPU.ActiveCfg = Debug|Any CPU
		{AA9E18F7-11C8-447A-895A-5F68940A234D}.Debug|Any CPU.Build.0 = Debug|Any CPU
		{AA9E18F7-11C8-447A-895A-5F68940A234D}.Release|Any CPU.ActiveCfg = Release|Any CPU
		{AA9E18F7-11C8-447A-895A-5F68940A234D}.Release|Any CPU.Build.0 = Release|Any CPU
	EndGlobalSection
	GlobalSection(SolutionProperties) = preSolution
		HideSolutionNode = FALSE
	EndGlobalSection
	GlobalSection(ExtensibilityGlobals) = postSolution
		SolutionGuid = {62E7A995-A52A-4A82-89C4-3B1DE4254B94}
	EndGlobalSection
EndGlobal
